github.com/altcha-org/altcha-lib-go v1.0.0 h1:7oPti0aUS+YCep8nwt5b9g4jYfCU55ZruWESL8G9K5M=
github.com/altcha-org/altcha-lib-go v1.0.0/go.mod h1:I8ESLVWR9C58uvGufB/AJDPhaSU4+4Oh3DLpVtgwDAk=
github.com/google/uuid v1.6.0 h1:NIvaJDMOsjHA8n1jAhLSgzrAzy1Hgr+hNrb57e+94F0=
github.com/google/uuid v1.6.0/go.mod h1:TIyPZe4MgqvfeYDBFedMoGGpEw/LqOeaOT+nhxU+yHo=
github.com/oklog/ulid/v2 v2.1.2 h1:IEclFb9JNvzYA6MW2SCxbLzcHTVsfqm3PrqGQJH5zec=
github.com/oklog/ulid/v2 v2.1.2/go.mod h1:rcEKHmBBKfef9DhnvX7y1HZBYxjXb0cP5ExxNsTT1QQ=
github.com/pborman/getopt v0.0.0-20170112200414-7148bc3a4c30/go.mod h1:85jBQOZwpVEaDAr341tbn15RS4fCAsIst0qp7i8ex1o=
github.com/rqlite/rqlite-go-http v0.0.0-20260908120355-b9e674c31e86 h1:EE1nTbDAeX2jFwq2HKlE8wLhquYm3X/E8gDeSI3bqgQ=
github.com/rqlite/rqlite-go-http v0.0.0-20260908120355-b9e674c31e86/go.mod h1:NhTI+BFC8JEgD7u6OT4oLxsKlTG2fhue6eO8g7qpVV0=
golang.org/x/time v0.16.0 h1:vMb6ptszcQMkcwiRTAuNNU50gom6++Q/6gY2hDM6VDE=
golang.org/x/time v0.16.0/go.mod h1:rVKOqvZeKvrDKTQiAHJ7wmwP0RzleSphoEA9RcdLA0s=
